// !$*UTF8*$!
{
	archiveVersion = 1;
	classes = {
	};
	objectVersion = 46;
	objects = {

/* Begin PBXBuildFile section */
		174D270F1476EBCC00588600 /* Cocoa.framework in Frameworks */ = {isa = PBXBuildFile; fileRef = 174D270E1476EBCC00588600 /* Cocoa.framework */; };
		174D27191476EBCC00588600 /* InfoPlist.strings in Resources */ = {isa = PBXBuildFile; fileRef = 174D27171476EBCC00588600 /* InfoPlist.strings */; };
		174D271B1476EBCC00588600 /* main.m in Sources */ = {isa = PBXBuildFile; fileRef = 174D271A1476EBCC00588600 /* main.m */; };
		174D271F1476EBCC00588600 /* Credits.rtf in Resources */ = {isa = PBXBuildFile; fileRef = 174D271D1476EBCC00588600 /* Credits.rtf */; };
		174D27221476EBCC00588600 /* AppDelegate.m in Sources */ = {isa = PBXBuildFile; fileRef = 174D27211476EBCC00588600 /* AppDelegate.m */; };
		174D27251476EBCD00588600 /* MainMenu.xib in Resources */ = {isa = PBXBuildFile; fileRef = 174D27231476EBCD00588600 /* MainMenu.xib */; };
		174D273C1476FEF600588600 /* OptionPopover.m in Sources */ = {isa = PBXBuildFile; fileRef = 174D273A1476FEF600588600 /* OptionPopover.m */; };
		174D273D1476FEF600588600 /* OptionPopover.xib in Resources */ = {isa = PBXBuildFile; fileRef = 174D273B1476FEF600588600 /* OptionPopover.xib */; };
/* End PBXBuildFile section */

/* Begin PBXFileReference section */
		174D270A1476EBCC00588600 /* ToolbarPopover.app */ = {isa = PBXFileReference; explicitFileType = wrapper.application; includeInIndex = 0; path = ToolbarPopover.app; sourceTree = BUILT_PRODUCTS_DIR; };
		174D270E1476EBCC00588600 /* Cocoa.framework */ = {isa = PBXFileReference; lastKnownFileType = wrapper.framework; name = Cocoa.framework; path = System/Library/Frameworks/Cocoa.framework; sourceTree = SDKROOT; };
		174D27111476EBCC00588600 /* AppKit.framework */ = {isa = PBXFileReference; lastKnownFileType = wrapper.framework; name = AppKit.framework; path = System/Library/Frameworks/AppKit.framework; sourceTree = SDKROOT; };
		174D27121476EBCC00588600 /* CoreData.framework */ = {isa = PBXFileReference; lastKnownFileType = wrapper.framework; name = CoreData.framework; path = System/Library/Frameworks/CoreData.framework; sourceTree = SDKROOT; };
		174D27131476EBCC00588600 /* Foundation.framework */ = {isa = PBXFileReference; lastKnownFileType = wrapper.framework; name = Foundation.framework; path = System/Library/Frameworks/Foundation.framework; sourceTree = SDKROOT; };
		174D27161476EBCC00588600 /* ToolbarPopover-Info.plist */ = {isa = PBXFileReference; lastKnownFileType = text.plist.xml; path = "ToolbarPopover-Info.plist"; sourceTree = "<group>"; };
		174D27181476EBCC00588600 /* en */ = {isa = PBXFileReference; lastKnownFileType = text.plist.strings; name = en; path = en.lproj/InfoPlist.strings; sourceTree = "<group>"; };
		174D271A1476EBCC00588600 /* main.m */ = {isa = PBXFileReference; lastKnownFileType = sourcecode.c.objc; path = main.m; sourceTree = "<group>"; };
		174D271C1476EBCC00588600 /* ToolbarPopover-Prefix.pch */ = {isa = PBXFileReference; lastKnownFileType = sourcecode.c.h; path = "ToolbarPopover-Prefix.pch"; sourceTree = "<group>"; };
		174D271E1476EBCC00588600 /* en */ = {isa = PBXFileReference; lastKnownFileType = text.rtf; name = en; path = en.lproj/Credits.rtf; sourceTree = "<group>"; };
		174D27201476EBCC00588600 /* AppDelegate.h */ = {isa = PBXFileReference; lastKnownFileType = sourcecode.c.h; path = AppDelegate.h; sourceTree = "<group>"; };
		174D27211476EBCC00588600 /* AppDelegate.m */ = {isa = PBXFileReference; lastKnownFileType = sourcecode.c.objc; path = AppDelegate.m; sourceTree = "<group>"; };
		174D27241476EBCD00588600 /* en */ = {isa = PBXFileReference; lastKnownFileType = file.xib; name = en; path = en.lproj/MainMenu.xib; sourceTree = "<group>"; };
		174D27391476FEF600588600 /* OptionPopover.h */ = {isa = PBXFileReference; fileEncoding = 4; lastKnownFileType = sourcecode.c.h; path = OptionPopover.h; sourceTree = "<group>"; };
		174D273A1476FEF600588600 /* OptionPopover.m */ = {isa = PBXFileReference; fileEncoding = 4; lastKnownFileType = sourcecode.c.objc; path = OptionPopover.m; sourceTree = "<group>"; };
		174D273B1476FEF600588600 /* OptionPopover.xib */ = {isa = PBXFileReference; fileEncoding = 4; lastKnownFileType = file.xib; path = OptionPopover.xib; sourceTree = "<group>"; };
/* End PBXFileReference section */

/* Begin PBXFrameworksBuildPhase section */
		174D27071476EBCC00588600 /* Frameworks */ = {
			isa = PBXFrameworksBuildPhase;
			buildActionMask = 2147483647;
			files = (
				174D270F1476EBCC00588600 /* Cocoa.framework in Frameworks */,
			);
			runOnlyForDeploymentPostprocessing = 0;
		};
/* End PBXFrameworksBuildPhase section */

/* Begin PBXGroup section */
		174D26FF1476EBCC00588600 = {
			isa = PBXGroup;
			children = (
				174D27141476EBCC00588600 /* ToolbarPopover */,
				174D270D1476EBCC00588600 /* Frameworks */,
				174D270B1476EBCC00588600 /* Products */,
			);
			sourceTree = "<group>";
		};
		174D270B1476EBCC00588600 /* Products */ = {
			isa = PBXGroup;
			children = (
				174D270A1476EBCC00588600 /* ToolbarPopover.app */,
			);
			name = Products;
			sourceTree = "<group>";
		};
		174D270D1476EBCC00588600 /* Frameworks */ = {
			isa = PBXGroup;
			children = (
				174D270E1476EBCC00588600 /* Cocoa.framework */,
				174D27101476EBCC00588600 /* Other Frameworks */,
			);
			name = Frameworks;
			sourceTree = "<group>";
		};
		174D27101476EBCC00588600 /* Other Frameworks */ = {
			isa = PBXGroup;
			children = (
				174D27111476EBCC00588600 /* AppKit.framework */,
				174D27121476EBCC00588600 /* CoreData.framework */,
				174D27131476EBCC00588600 /* Foundation.framework */,
			);
			name = "Other Frameworks";
			sourceTree = "<group>";
		};
		174D27141476EBCC00588600 /* ToolbarPopover */ = {
			isa = PBXGroup;
			children = (
				174D27201476EBCC00588600 /* AppDelegate.h */,
				174D27211476EBCC00588600 /* AppDelegate.m */,
				174D27231476EBCD00588600 /* MainMenu.xib */,
				174D27391476FEF600588600 /* OptionPopover.h */,
				174D273A1476FEF600588600 /* OptionPopover.m */,
				174D273B1476FEF600588600 /* OptionPopover.xib */,
				174D27151476EBCC00588600 /* Supporting Files */,
			);
			path = ToolbarPopover;
			sourceTree = "<group>";
		};
		174D27151476EBCC00588600 /* Supporting Files */ = {
			isa = PBXGroup;
			children = (
				174D27161476EBCC00588600 /* ToolbarPopover-Info.plist */,
				174D27171476EBCC00588600 /* InfoPlist.strings */,
				174D271A1476EBCC00588600 /* main.m */,
				174D271C1476EBCC00588600 /* ToolbarPopover-Prefix.pch */,
				174D271D1476EBCC00588600 /* Credits.rtf */,
			);
			name = "Supporting Files";
			sourceTree = "<group>";
		};
/* End PBXGroup section */

/* Begin PBXNativeTarget section */
		174D27091476EBCC00588600 /* ToolbarPopover */ = {
			isa = PBXNativeTarget;
			buildConfigurationList = 174D27281476EBCD00588600 /* Build configuration list for PBXNativeTarget "ToolbarPopover" */;
			buildPhases = (
				174D27061476EBCC00588600 /* Sources */,
				174D27071476EBCC00588600 /* Frameworks */,
				174D27081476EBCC00588600 /* Resources */,
			);
			buildRules = (
			);
			dependencies = (
			);
			name = ToolbarPopover;
			productName = ToolbarPopover;
			productReference = 174D270A1476EBCC00588600 /* ToolbarPopover.app */;
			productType = "com.apple.product-type.application";
		};
/* End PBXNativeTarget section */

/* Begin PBXProject section */
		174D27011476EBCC00588600 /* Project object */ = {
			isa = PBXProject;
			attributes = {
				LastUpgradeCheck = 0420;
				ORGANIZATIONNAME = "Yellow Field Technologies Ltd";
			};
			buildConfigurationList = 174D27041476EBCC00588600 /* Build configuration list for PBXProject "ToolbarPopover" */;
			compatibilityVersion = "Xcode 3.2";
			developmentRegion = English;
			hasScannedForEncodings = 0;
			knownRegions = (
				en,
			);
			mainGroup = 174D26FF1476EBCC00588600;
			productRefGroup = 174D270B1476EBCC00588600 /* Products */;
			projectDirPath = "";
			projectRoot = "";
			targets = (
				174D27091476EBCC00588600 /* ToolbarPopover */,
			);
		};
/* End PBXProject section */

/* Begin PBXResourcesBuildPhase section */
		174D27081476EBCC00588600 /* Resources */ = {
			isa = PBXResourcesBuildPhase;
			buildActionMask = 2147483647;
			files = (
				174D27191476EBCC00588600 /* InfoPlist.strings in Resources */,
				174D271F1476EBCC00588600 /* Credits.rtf in Resources */,
				174D27251476EBCD00588600 /* MainMenu.xib in Resources */,
				174D273D1476FEF600588600 /* OptionPopover.xib in Resources */,
			);
			runOnlyForDeploymentPostprocessing = 0;
		};
/* End PBXResourcesBuildPhase section */

/* Begin PBXSourcesBuildPhase section */
		174D27061476EBCC00588600 /* Sources */ = {
			isa = PBXSourcesBuildPhase;
			buildActionMask = 2147483647;
			files = (
				174D271B1476EBCC00588600 /* main.m in Sources */,
				174D27221476EBCC00588600 /* AppDelegate.m in Sources */,
				174D273C1476FEF600588600 /* OptionPopover.m in Sources */,
			);
			runOnlyForDeploymentPostprocessing = 0;
		};
/* End PBXSourcesBuildPhase section */

/* Begin PBXVariantGroup section */
		174D27171476EBCC00588600 /* InfoPlist.strings */ = {
			isa = PBXVariantGroup;
			children = (
				174D27181476EBCC00588600 /* en */,
			);
			name = InfoPlist.strings;
			sourceTree = "<group>";
		};
		174D271D1476EBCC00588600 /* Credits.rtf */ = {
			isa = PBXVariantGroup;
			children = (
				174D271E1476EBCC00588600 /* en */,
			);
			name = Credits.rtf;
			sourceTree = "<group>";
		};
		174D27231476EBCD00588600 /* MainMenu.xib */ = {
			isa = PBXVariantGroup;
			children = (
				174D27241476EBCD00588600 /* en */,
			);
			name = MainMenu.xib;
			sourceTree = "<group>";
		};
/* End PBXVariantGroup section */

/* Begin XCBuildConfiguration section */
		174D27261476EBCD00588600 /* Debug */ = {
			isa = XCBuildConfiguration;
			buildSettings = {
				ALWAYS_SEARCH_USER_PATHS = NO;
				ARCHS = "$(ARCHS_STANDARD_64_BIT)";
				CLANG_ENABLE_OBJC_ARC = YES;
				COPY_PHASE_STRIP = NO;
				GCC_C_LANGUAGE_STANDARD = gnu99;
				GCC_DYNAMIC_NO_PIC = NO;
				GCC_ENABLE_OBJC_EXCEPTIONS = YES;
				GCC_OPTIMIZATION_LEVEL = 0;
				GCC_PREPROCESSOR_DEFINITIONS = (
					"DEBUG=1",
					"$(inherited)",
				);
				GCC_SYMBOLS_PRIVATE_EXTERN = NO;
				GCC_VERSION = com.apple.compilers.llvm.clang.1_0;
				GCC_WARN_64_TO_32_BIT_CONVERSION = YES;
				GCC_WARN_ABOUT_MISSING_PROTOTYPES = YES;
				GCC_WARN_ABOUT_RETURN_TYPE = YES;
				GCC_WARN_UNUSED_VARIABLE = YES;
				MACOSX_DEPLOYMENT_TARGET = 10.7;
				ONLY_ACTIVE_ARCH = YES;
				SDKROOT = macosx;
			};
			name = Debug;
		};
		174D27271476EBCD00588600 /* Release */ = {
			isa = XCBuildConfiguration;
			buildSettings = {
				ALWAYS_SEARCH_USER_PATHS = NO;
				ARCHS = "$(ARCHS_STANDARD_64_BIT)";
				CLANG_ENABLE_OBJC_ARC = YES;
				COPY_PHASE_STRIP = YES;
				DEBUG_INFORMATION_FORMAT = "dwarf-with-dsym";
				GCC_C_LANGUAGE_STANDARD = gnu99;
				GCC_ENABLE_OBJC_EXCEPTIONS = YES;
				GCC_VERSION = com.apple.compilers.llvm.clang.1_0;
				GCC_WARN_64_TO_32_BIT_CONVERSION = YES;
				GCC_WARN_ABOUT_MISSING_PROTOTYPES = YES;
				GCC_WARN_ABOUT_RETURN_TYPE = YES;
				GCC_WARN_UNUSED_VARIABLE = YES;
				MACOSX_DEPLOYMENT_TARGET = 10.7;
				SDKROOT = macosx;
			};
			name = Release;
		};
		174D27291476EBCD00588600 /* Debug */ = {
			isa = XCBuildConfiguration;
			buildSettings = {
				GCC_PRECOMPILE_PREFIX_HEADER = YES;
				GCC_PREFIX_HEADER = "ToolbarPopover/ToolbarPopover-Prefix.pch";
				INFOPLIST_FILE = "ToolbarPopover/ToolbarPopover-Info.plist";
				PRODUCT_NAME = "$(TARGET_NAME)";
				WRAPPER_EXTENSION = app;
			};
			name = Debug;
		};
		174D272A1476EBCD00588600 /* Release */ = {
			isa = XCBuildConfiguration;
			buildSettings = {
				GCC_PRECOMPILE_PREFIX_HEADER = YES;
				GCC_PREFIX_HEADER = "ToolbarPopover/ToolbarPopover-Prefix.pch";
				INFOPLIST_FILE = "ToolbarPopover/ToolbarPopover-Info.plist";
				PRODUCT_NAME = "$(TARGET_NAME)";
				WRAPPER_EXTENSION = app;
			};
			name = Release;
		};
/* End XCBuildConfiguration section */

/* Begin XCConfigurationList section */
		174D27041476EBCC00588600 /* Build configuration list for PBXProject "ToolbarPopover" */ = {
			isa = XCConfigurationList;
			buildConfigurations = (
				174D27261476EBCD00588600 /* Debug */,
				174D27271476EBCD00588600 /* Release */,
			);
			defaultConfigurationIsVisible = 0;
			defaultConfigurationName = Release;
		};
		174D27281476EBCD00588600 /* Build configuration list for PBXNativeTarget "ToolbarPopover" */ = {
			isa = XCConfigurationList;
			buildConfigurations = (
				174D27291476EBCD00588600 /* Debug */,
				174D272A1476EBCD00588600 /* Release */,
			);
			defaultConfigurationIsVisible = 0;
		};
/* End XCConfigurationList section */
	};
	rootObject = 174D27011476EBCC00588600 /* Project object */;
}
